
Microsoft Visual Studio Solution File, Format Version 12.00
# Visual Studio 2012
Project("{FAE04EC0-301F-11D3-BF4B-00C04F79EFBC}") = "ReflectionDemo", "ReflectionDemo\ReflectionDemo.csproj", "{35756475-6871-4ABE-8FA8-F34F062616D3}"
EndProject
Project("{FAE04EC0-301F-11D3-BF4B-00C04F79EFBC}") = "Calc", "Calc\Calc.csproj", "{46BE6D2C-311E-44DB-ABD6-FCEB842F1BA2}"
EndProject
Global
	GlobalSection(SolutionConfigurationPlatforms) = preSolution
		Debug|Any CPU = Debug|Any CPU
		Release|Any CPU = Release|Any CPU
	EndGlobalSection
	GlobalSection(ProjectConfigurationPlatforms) = postSolution
		{35756475-6871-4ABE-8FA8-F34F062616D3}.Debug|Any CPU.ActiveCfg = Debug|Any CPU
		{35756475-6871-4ABE-8FA8-F34F062616D3}.Debug|Any CPU.Build.0 = Debug|Any CPU
		{35756475-6871-4ABE-8FA8-F34F062616D3}.Release|Any CPU.ActiveCfg = Release|Any CPU
		{35756475-6871-4ABE-8FA8-F34F062616D3}.Release|Any CPU.Build.0 = Release|Any CPU
		{46BE6D2C-311E-44DB-ABD6-FCEB842F1BA2}.Debug|Any CPU.ActiveCfg = Debug|Any CPU
		{46BE6D2C-311E-44DB-ABD6-FCEB842F1BA2}.Debug|Any CPU.Build.0 = Debug|Any CPU
		{46BE6D2C-311E-44DB-ABD6-FCEB842F1BA2}.Release|Any CPU.ActiveCfg = Release|Any CPU
		{46BE6D2C-311E-44DB-ABD6-FCEB842F1BA2}.Release|Any CPU.Build.0 = Release|Any CPU
	EndGlobalSection
	GlobalSection(SolutionProperties) = preSolution
		HideSolutionNode = FALSE
	EndGlobalSection
EndGlobal
