
Microsoft Visual Studio Solution File, Format Version 12.00
# Visual Studio 14
VisualStudioVersion = 14.0.24720.0
MinimumVisualStudioVersion = 10.0.40219.1
Project("{FAE04EC0-301F-11D3-BF4B-00C04F79EFBC}") = "ReflectionLab", "ReflectionLab\ReflectionLab.csproj", "{91658FF2-4129-40B5-803A-644258ACF015}"
EndProject
Project("{FAE04EC0-301F-11D3-BF4B-00C04F79EFBC}") = "Reflection", "Reflection\Reflection.csproj", "{E3E83F2F-3EE1-4D64-A454-AD30464C38A0}"
EndProject
Project("{FAE04EC0-301F-11D3-BF4B-00C04F79EFBC}") = "Employee", "Employee\Employee.csproj", "{53D7E6BA-1064-4C87-B052-8A2EF47DA0C3}"
EndProject
Global
	GlobalSection(SolutionConfigurationPlatforms) = preSolution
		Debug|Any CPU = Debug|Any CPU
		Release|Any CPU = Release|Any CPU
	EndGlobalSection
	GlobalSection(ProjectConfigurationPlatforms) = postSolution
		{91658FF2-4129-40B5-803A-644258ACF015}.Debug|Any CPU.ActiveCfg = Debug|Any CPU
		{91658FF2-4129-40B5-803A-644258ACF015}.Debug|Any CPU.Build.0 = Debug|Any CPU
		{91658FF2-4129-40B5-803A-644258ACF015}.Release|Any CPU.ActiveCfg = Release|Any CPU
		{91658FF2-4129-40B5-803A-644258ACF015}.Release|Any CPU.Build.0 = Release|Any CPU
		{E3E83F2F-3EE1-4D64-A454-AD30464C38A0}.Debug|Any CPU.ActiveCfg = Debug|Any CPU
		{E3E83F2F-3EE1-4D64-A454-AD30464C38A0}.Debug|Any CPU.Build.0 = Debug|Any CPU
		{E3E83F2F-3EE1-4D64-A454-AD30464C38A0}.Release|Any CPU.ActiveCfg = Release|Any CPU
		{E3E83F2F-3EE1-4D64-A454-AD30464C38A0}.Release|Any CPU.Build.0 = Release|Any CPU
		{53D7E6BA-1064-4C87-B052-8A2EF47DA0C3}.Debug|Any CPU.ActiveCfg = Debug|Any CPU
		{53D7E6BA-1064-4C87-B052-8A2EF47DA0C3}.Debug|Any CPU.Build.0 = Debug|Any CPU
		{53D7E6BA-1064-4C87-B052-8A2EF47DA0C3}.Release|Any CPU.ActiveCfg = Release|Any CPU
		{53D7E6BA-1064-4C87-B052-8A2EF47DA0C3}.Release|Any CPU.Build.0 = Release|Any CPU
	EndGlobalSection
	GlobalSection(SolutionProperties) = preSolution
		HideSolutionNode = FALSE
	EndGlobalSection
EndGlobal
