
Microsoft Visual Studio Solution File, Format Version 12.00
# Visual Studio 14
VisualStudioVersion = 14.0.23107.0
MinimumVisualStudioVersion = 10.0.40219.1
Project("{FAE04EC0-301F-11D3-BF4B-00C04F79EFBC}") = "InternalCompositeIteratorLab", "InternalCompositeIteratorLab\InternalCompositeIteratorLab.csproj", "{1888FEFD-C508-465D-BFFD-1308290EBEEF}"
EndProject
Project("{FAE04EC0-301F-11D3-BF4B-00C04F79EFBC}") = "ExternalCompositeIterator2016", "ExternalCompositeIterator2016\ExternalCompositeIterator2016.csproj", "{0773AEE3-E896-4A23-8054-758CAD9B8FF7}"
EndProject
Global
	GlobalSection(SolutionConfigurationPlatforms) = preSolution
		Debug|Any CPU = Debug|Any CPU
		Release|Any CPU = Release|Any CPU
	EndGlobalSection
	GlobalSection(ProjectConfigurationPlatforms) = postSolution
		{1888FEFD-C508-465D-BFFD-1308290EBEEF}.Debug|Any CPU.ActiveCfg = Debug|Any CPU
		{1888FEFD-C508-465D-BFFD-1308290EBEEF}.Debug|Any CPU.Build.0 = Debug|Any CPU
		{1888FEFD-C508-465D-BFFD-1308290EBEEF}.Release|Any CPU.ActiveCfg = Release|Any CPU
		{1888FEFD-C508-465D-BFFD-1308290EBEEF}.Release|Any CPU.Build.0 = Release|Any CPU
		{0773AEE3-E896-4A23-8054-758CAD9B8FF7}.Debug|Any CPU.ActiveCfg = Debug|Any CPU
		{0773AEE3-E896-4A23-8054-758CAD9B8FF7}.Debug|Any CPU.Build.0 = Debug|Any CPU
		{0773AEE3-E896-4A23-8054-758CAD9B8FF7}.Release|Any CPU.ActiveCfg = Release|Any CPU
		{0773AEE3-E896-4A23-8054-758CAD9B8FF7}.Release|Any CPU.Build.0 = Release|Any CPU
	EndGlobalSection
	GlobalSection(SolutionProperties) = preSolution
		HideSolutionNode = FALSE
	EndGlobalSection
EndGlobal
